
Microsoft Visual Studio Solution File, Format Version 12.00
# Visual Studio Version 17
VisualStudioVersion = 17.5.33627.172
MinimumVisualStudioVersion = 10.0.40219.1
Project("{9A19103F-16F7-4668-BE54-9A1E7A4F7556}") = "EOSClientClone", "EOSClientClone.csproj", "{AAF4D238-2534-4C6D-B137-F92CD560F557}"
EndProject
Project("{2150E333-8FDC-42A3-9474-1A3956D46DE8}") = "Solution Items", "Solution Items", "{290289B1-2E9B-4BAB-B918-FF79897E108E}"
	ProjectSection(SolutionItems) = preProject
		CipherHelper.cs = CipherHelper.cs
	EndProjectSection
EndProject
Project("{FAE04EC0-301F-11D3-BF4B-00C04F79EFBC}") = "TestFeature", "..\TestFeature\TestFeature.csproj", "{537B1F72-F659-42EA-B0F1-2A6AC08BA414}"
EndProject
Global
	GlobalSection(SolutionConfigurationPlatforms) = preSolution
		Debug|Any CPU = Debug|Any CPU
		Release|Any CPU = Release|Any CPU
	EndGlobalSection
	GlobalSection(ProjectConfigurationPlatforms) = postSolution
		{AAF4D238-2534-4C6D-B137-F92CD560F557}.Debug|Any CPU.ActiveCfg = Debug|Any CPU
		{AAF4D238-2534-4C6D-B137-F92CD560F557}.Debug|Any CPU.Build.0 = Debug|Any CPU
		{AAF4D238-2534-4C6D-B137-F92CD560F557}.Release|Any CPU.ActiveCfg = Release|Any CPU
		{AAF4D238-2534-4C6D-B137-F92CD560F557}.Release|Any CPU.Build.0 = Release|Any CPU
		{537B1F72-F659-42EA-B0F1-2A6AC08BA414}.Debug|Any CPU.ActiveCfg = Debug|Any CPU
		{537B1F72-F659-42EA-B0F1-2A6AC08BA414}.Debug|Any CPU.Build.0 = Debug|Any CPU
		{537B1F72-F659-42EA-B0F1-2A6AC08BA414}.Release|Any CPU.ActiveCfg = Release|Any CPU
		{537B1F72-F659-42EA-B0F1-2A6AC08BA414}.Release|Any CPU.Build.0 = Release|Any CPU
	EndGlobalSection
	GlobalSection(SolutionProperties) = preSolution
		HideSolutionNode = FALSE
	EndGlobalSection
	GlobalSection(ExtensibilityGlobals) = postSolution
		SolutionGuid = {147EAD05-A5D2-4A5A-8404-696E9BA75750}
	EndGlobalSection
EndGlobal
